Microsoft Visual Studio Solution File, Format Version 12.00
# Visual Studio Version 17
VisualStudioVersion = 17.5.2.0
MinimumVisualStudioVersion = 10.0.40219.1
Project("{FAE04EC0-301F-11D3-BF4B-00C04F79EFBC}") = "MMMToText", "MMMToText.csproj", "{19075440-6484-3B51-0E8A-E46CBBA576A8}"
EndProject
Global
	GlobalSection(SolutionConfigurationPlatforms) = preSolution
		Debug|Any CPU = Debug|Any CPU
		Release|Any CPU = Release|Any CPU
	EndGlobalSection
	GlobalSection(ProjectConfigurationPlatforms) = postSolution
		{19075440-6484-3B51-0E8A-E46CBBA576A8}.Debug|Any CPU.ActiveCfg = Debug|Any CPU
		{19075440-6484-3B51-0E8A-E46CBBA576A8}.Debug|Any CPU.Build.0 = Debug|Any CPU
		{19075440-6484-3B51-0E8A-E46CBBA576A8}.Release|Any CPU.ActiveCfg = Release|Any CPU
		{19075440-6484-3B51-0E8A-E46CBBA576A8}.Release|Any CPU.Build.0 = Release|Any CPU
	EndGlobalSection
	GlobalSection(SolutionProperties) = preSolution
		HideSolutionNode = FALSE
	EndGlobalSection
	GlobalSection(ExtensibilityGlobals) = postSolution
		SolutionGuid = {F6C2BB8C-D3B9-4418-B0D2-22B521BA455B}
	EndGlobalSection
EndGlobal
